
Microsoft Visual Studio Solution File, Format Version 12.00
# Visual Studio Version 16
VisualStudioVersion = 16.0.31605.320
MinimumVisualStudioVersion = 10.0.40219.1
Project("{FAE04EC0-301F-11D3-BF4B-00C04F79EFBC}") = "ReproSolution", "ReproSolution\ReproSolution.csproj", "{1F4917CB-9B4C-4D06-904F-71CB3378AA9A}"
EndProject
Global
	GlobalSection(SolutionConfigurationPlatforms) = preSolution
		Debug|Any CPU = Debug|Any CPU
		Release|Any CPU = Release|Any CPU
	EndGlobalSection
	GlobalSection(ProjectConfigurationPlatforms) = postSolution
		{1F4917CB-9B4C-4D06-904F-71CB3378AA9A}.Debug|Any CPU.ActiveCfg = Debug|Any CPU
		{1F4917CB-9B4C-4D06-904F-71CB3378AA9A}.Debug|Any CPU.Build.0 = Debug|Any CPU
		{1F4917CB-9B4C-4D06-904F-71CB3378AA9A}.Release|Any CPU.ActiveCfg = Release|Any CPU
		{1F4917CB-9B4C-4D06-904F-71CB3378AA9A}.Release|Any CPU.Build.0 = Release|Any CPU
	EndGlobalSection
	GlobalSection(SolutionProperties) = preSolution
		HideSolutionNode = FALSE
	EndGlobalSection
	GlobalSection(ExtensibilityGlobals) = postSolution
		SolutionGuid = {53154262-BC26-42CA-883B-1D071D5D6049}
	EndGlobalSection
EndGlobal
